
Microsoft Visual Studio Solution File, Format Version 12.00
Project("{2150E333-8FDC-42A3-9474-1A3956D46DE8}") = "_App", "_App", "{1721B925-0D86-4A2E-8A66-7507225C11C0}"
EndProject
Project("{FAE04EC0-301F-11D3-BF4B-00C04F79EFBC}") = "_App", "_App\_App.csproj", "{36EE6A17-374F-47DE-BAD4-5678D557C7CE}"
EndProject
Project("{2150E333-8FDC-42A3-9474-1A3956D46DE8}") = "BlazorApp", "BlazorApp", "{7F9386D9-AFD3-4E21-B51B-DE1FC46737E4}"
EndProject
Project("{FAE04EC0-301F-11D3-BF4B-00C04F79EFBC}") = "BlazorApp.Domain", "BlazorApp.Domain\BlazorApp.Domain.csproj", "{DBA31389-9270-47A4-BA54-03D2E58D607D}"
EndProject
Project("{2150E333-8FDC-42A3-9474-1A3956D46DE8}") = "Global", "Global", "{0FAB9E8C-EFE1-4B0C-876A-FA7EF4B594DB}"
EndProject
Project("{FAE04EC0-301F-11D3-BF4B-00C04F79EFBC}") = "Global.Shared", "Global.Shared\Global.Shared.csproj", "{2E8A040F-4FF7-40B7-82DA-CD9F78C33CF7}"
EndProject
Project("{FAE04EC0-301F-11D3-BF4B-00C04F79EFBC}") = "BlazorApp.Infra", "BlazorApp.Infra\BlazorApp.Infra.csproj", "{09255606-6381-4E93-856A-CD0C3ACD6AF0}"
EndProject
Global
	GlobalSection(SolutionConfigurationPlatforms) = preSolution
		Debug|Any CPU = Debug|Any CPU
		Release|Any CPU = Release|Any CPU
	EndGlobalSection
	GlobalSection(NestedProjects) = preSolution
		{36EE6A17-374F-47DE-BAD4-5678D557C7CE} = {1721B925-0D86-4A2E-8A66-7507225C11C0}
		{DBA31389-9270-47A4-BA54-03D2E58D607D} = {7F9386D9-AFD3-4E21-B51B-DE1FC46737E4}
		{2E8A040F-4FF7-40B7-82DA-CD9F78C33CF7} = {0FAB9E8C-EFE1-4B0C-876A-FA7EF4B594DB}
		{09255606-6381-4E93-856A-CD0C3ACD6AF0} = {7F9386D9-AFD3-4E21-B51B-DE1FC46737E4}
	EndGlobalSection
	GlobalSection(ProjectConfigurationPlatforms) = postSolution
		{36EE6A17-374F-47DE-BAD4-5678D557C7CE}.Debug|Any CPU.ActiveCfg = Debug|Any CPU
		{36EE6A17-374F-47DE-BAD4-5678D557C7CE}.Debug|Any CPU.Build.0 = Debug|Any CPU
		{36EE6A17-374F-47DE-BAD4-5678D557C7CE}.Release|Any CPU.ActiveCfg = Release|Any CPU
		{36EE6A17-374F-47DE-BAD4-5678D557C7CE}.Release|Any CPU.Build.0 = Release|Any CPU
		{DBA31389-9270-47A4-BA54-03D2E58D607D}.Debug|Any CPU.ActiveCfg = Debug|Any CPU
		{DBA31389-9270-47A4-BA54-03D2E58D607D}.Debug|Any CPU.Build.0 = Debug|Any CPU
		{DBA31389-9270-47A4-BA54-03D2E58D607D}.Release|Any CPU.ActiveCfg = Release|Any CPU
		{DBA31389-9270-47A4-BA54-03D2E58D607D}.Release|Any CPU.Build.0 = Release|Any CPU
		{2E8A040F-4FF7-40B7-82DA-CD9F78C33CF7}.Debug|Any CPU.ActiveCfg = Debug|Any CPU
		{2E8A040F-4FF7-40B7-82DA-CD9F78C33CF7}.Debug|Any CPU.Build.0 = Debug|Any CPU
		{2E8A040F-4FF7-40B7-82DA-CD9F78C33CF7}.Release|Any CPU.ActiveCfg = Release|Any CPU
		{2E8A040F-4FF7-40B7-82DA-CD9F78C33CF7}.Release|Any CPU.Build.0 = Release|Any CPU
		{09255606-6381-4E93-856A-CD0C3ACD6AF0}.Debug|Any CPU.ActiveCfg = Debug|Any CPU
		{09255606-6381-4E93-856A-CD0C3ACD6AF0}.Debug|Any CPU.Build.0 = Debug|Any CPU
		{09255606-6381-4E93-856A-CD0C3ACD6AF0}.Release|Any CPU.ActiveCfg = Release|Any CPU
		{09255606-6381-4E93-856A-CD0C3ACD6AF0}.Release|Any CPU.Build.0 = Release|Any CPU
	EndGlobalSection
EndGlobal
